
Microsoft Visual Studio Solution File, Format Version 12.00
# Visual Studio Version 17
VisualStudioVersion = 17.12.35527.113 d17.12
MinimumVisualStudioVersion = 10.0.40219.1
Project("{FAE04EC0-301F-11D3-BF4B-00C04F79EFBC}") = "ADV_C#02", "ADV_C#02\ADV_C#02.csproj", "{927DB8C2-0307-4C47-AF4A-B9D4C11F2991}"
EndProject
Global
	GlobalSection(SolutionConfigurationPlatforms) = preSolution
		Debug|Any CPU = Debug|Any CPU
		Release|Any CPU = Release|Any CPU
	EndGlobalSection
	GlobalSection(ProjectConfigurationPlatforms) = postSolution
		{927DB8C2-0307-4C47-AF4A-B9D4C11F2991}.Debug|Any CPU.ActiveCfg = Debug|Any CPU
		{927DB8C2-0307-4C47-AF4A-B9D4C11F2991}.Debug|Any CPU.Build.0 = Debug|Any CPU
		{927DB8C2-0307-4C47-AF4A-B9D4C11F2991}.Release|Any CPU.ActiveCfg = Release|Any CPU
		{927DB8C2-0307-4C47-AF4A-B9D4C11F2991}.Release|Any CPU.Build.0 = Release|Any CPU
	EndGlobalSection
	GlobalSection(SolutionProperties) = preSolution
		HideSolutionNode = FALSE
	EndGlobalSection
EndGlobal
